{
  "requires": true,
  "lockfileVersion": 1,
  "dependencies": {
    "bufferutil": {
      "version": "4.0.3",
      "resolved": "https://registry.npm.taobao.org/bufferutil/download/bufferutil-4.0.3.tgz",
      "integrity": "sha1-ZnJLdWvtI818KMTTBteZT5lDzGs=",
      "optional": true,
      "requires": {
        "node-gyp-build": "^4.2.0"
      }
    },
    "d": {
      "version": "1.0.1",
      "resolved": "https://registry.nlark.com/d/download/d-1.0.1.tgz",
      "integrity": "sha1-hpgJU3LVjb7jRv/Qxwk/mfj561o=",
      "requires": {
        "es5-ext": "^0.10.50",
        "type": "^1.0.1"
      }
    },
    "debug": {
      "version": "3.2.7",
      "resolved": "https://registry.nlark.com/debug/download/debug-3.2.7.tgz?cache=0&sync_timestamp=1625374653719&other_urls=https%3A%2F%2Fregistry.nlark.com%2Fdebug%2Fdownload%2Fdebug-3.2.7.tgz",
      "integrity": "sha1-clgLfpFF+zm2Z2+cXl+xALk0F5o=",
      "requires": {
        "ms": "^2.1.1"
      }
    },
    "es5-ext": {
      "version": "0.10.53",
      "resolved": "https://registry.nlark.com/es5-ext/download/es5-ext-0.10.53.tgz",
      "integrity": "sha1-k8WjrP2+8nUiCtcmRK0C7hg2jeE=",
      "requires": {
        "es6-iterator": "~2.0.3",
        "es6-symbol": "~3.1.3",
        "next-tick": "~1.0.0"
      }
    },
    "es6-iterator": {
      "version": "2.0.3",
      "resolved": "https://registry.npm.taobao.org/es6-iterator/download/es6-iterator-2.0.3.tgz",
      "integrity": "sha1-p96IkUGgWpSwhUQDstCg+/qY87c=",
      "requires": {
        "d": "1",
        "es5-ext": "^0.10.35",
        "es6-symbol": "^3.1.1"
      }
    },
    "es6-symbol": {
      "version": "3.1.3",
      "resolved": "https://registry.nlark.com/es6-symbol/download/es6-symbol-3.1.3.tgz",
      "integrity": "sha1-utXTwbzawoJp9MszHkMceKxwXRg=",
      "requires": {
        "d": "^1.0.1",
        "ext": "^1.1.2"
      }
    },
    "eventsource": {
      "version": "1.1.0",
      "resolved": "https://registry.npm.taobao.org/eventsource/download/eventsource-1.1.0.tgz?cache=0&sync_timestamp=1616041663398&other_urls=https%3A%2F%2Fregistry.npm.taobao.org%2Feventsource%2Fdownload%2Feventsource-1.1.0.tgz",
      "integrity": "sha1-AOjKfJIQnpSw3fMtrGd9hBAoz68=",
      "requires": {
        "original": "^1.0.0"
      }
    },
    "ext": {
      "version": "1.4.0",
      "resolved": "https://registry.nlark.com/ext/download/ext-1.4.0.tgz",
      "integrity": "sha1-ia56BxWPedNVF4gpBDJAd+Q3kkQ=",
      "requires": {
        "type": "^2.0.0"
      },
      "dependencies": {
        "type": {
          "version": "2.5.0",
          "resolved": "https://registry.npm.taobao.org/type/download/type-2.5.0.tgz",
          "integrity": "sha1-Ci54wud5B7JSq+XymMGwHGPw2z0="
        }
      }
    },
    "faye-websocket": {
      "version": "0.11.4",
      "resolved": "https://registry.nlark.com/faye-websocket/download/faye-websocket-0.11.4.tgz?cache=0&sync_timestamp=1621894983961&other_urls=https%3A%2F%2Fregistry.nlark.com%2Ffaye-websocket%2Fdownload%2Ffaye-websocket-0.11.4.tgz",
      "integrity": "sha1-fw2Sdc/dhqHJY9yLZfzEUe3Lsdo=",
      "requires": {
        "websocket-driver": ">=0.5.1"
      }
    },
    "http-parser-js": {
      "version": "0.5.3",
      "resolved": "https://registry.npm.taobao.org/http-parser-js/download/http-parser-js-0.5.3.tgz?cache=0&sync_timestamp=1609539712326&other_urls=https%3A%2F%2Fregistry.npm.taobao.org%2Fhttp-parser-js%2Fdownload%2Fhttp-parser-js-0.5.3.tgz",
      "integrity": "sha1-AdJwnHnUFpi7AdTezF6dpOSgM9k="
    },
    "inherits": {
      "version": "2.0.4",
      "resolved": "https://registry.npm.taobao.org/inherits/download/inherits-2.0.4.tgz",
      "integrity": "sha1-D6LGT5MpF8NDOg3tVTY6rjdBa3w="
    },
    "is-typedarray": {
      "version": "1.0.0",
      "resolved": "https://registry.npm.taobao.org/is-typedarray/download/is-typedarray-1.0.0.tgz",
      "integrity": "sha1-5HnICFjfDBsR3dppQPlgEfzaSpo=",
      "optional": true
    },
    "json3": {
      "version": "3.3.3",
      "resolved": "https://registry.npm.taobao.org/json3/download/json3-3.3.3.tgz",
      "integrity": "sha1-f8EON1/FrkLEcFpcwKpvYr4wW4E="
    },
    "ms": {
      "version": "2.1.3",
      "resolved": "https://registry.npm.taobao.org/ms/download/ms-2.1.3.tgz?cache=0&sync_timestamp=1607433912031&other_urls=https%3A%2F%2Fregistry.npm.taobao.org%2Fms%2Fdownload%2Fms-2.1.3.tgz",
      "integrity": "sha1-V0yBOM4dK1hh8LRFedut1gxmFbI="
    },
    "next-tick": {
      "version": "1.0.0",
      "resolved": "https://registry.npm.taobao.org/next-tick/download/next-tick-1.0.0.tgz",
      "integrity": "sha1-yobR/ogoFpsBICCOPchCS524NCw="
    },
    "node-gyp-build": {
      "version": "4.2.3",
      "resolved": "https://registry.nlark.com/node-gyp-build/download/node-gyp-build-4.2.3.tgz",
      "integrity": "sha1-zmJ3+FODX3GIKe+0fbIPPk2cRzk=",
      "optional": true
    },
    "original": {
      "version": "1.0.2",
      "resolved": "https://registry.npm.taobao.org/original/download/original-1.0.2.tgz",
      "integrity": "sha1-5EKmHP/hxf0gpl8yYcJmY7MD8l8=",
      "requires": {
        "url-parse": "^1.4.3"
      }
    },
    "querystringify": {
      "version": "2.2.0",
      "resolved": "https://registry.npm.taobao.org/querystringify/download/querystringify-2.2.0.tgz",
      "integrity": "sha1-M0WUG0FTy50ILY7uTNogFqmu9/Y="
    },
    "requires-port": {
      "version": "1.0.0",
      "resolved": "https://registry.npm.taobao.org/requires-port/download/requires-port-1.0.0.tgz",
      "integrity": "sha1-kl0mAdOaxIXgkc8NpcbmlNw9yv8="
    },
    "safe-buffer": {
      "version": "5.2.1",
      "resolved": "https://registry.npm.taobao.org/safe-buffer/download/safe-buffer-5.2.1.tgz",
      "integrity": "sha1-Hq+fqb2x/dTsdfWPnNtOa3gn7sY="
    },
    "sockjs-client": {
      "version": "1.5.1",
      "resolved": "https://registry.npm.taobao.org/sockjs-client/download/sockjs-client-1.5.1.tgz?cache=0&sync_timestamp=1616686625852&other_urls=https%3A%2F%2Fregistry.npm.taobao.org%2Fsockjs-client%2Fdownload%2Fsockjs-client-1.5.1.tgz",
      "integrity": "sha1-JWkI9tWt+5Tau9vQLGY2LMoPnqY=",
      "requires": {
        "debug": "^3.2.6",
        "eventsource": "^1.0.7",
        "faye-websocket": "^0.11.3",
        "inherits": "^2.0.4",
        "json3": "^3.3.3",
        "url-parse": "^1.5.1"
      }
    },
    "stompjs": {
      "version": "2.3.3",
      "resolved": "https://registry.npm.taobao.org/stompjs/download/stompjs-2.3.3.tgz",
      "integrity": "sha1-NBeKx7uO4pTMXVVK2LUPf1RZ/Y4=",
      "requires": {
        "websocket": "^1.0.34"
      }
    },
    "type": {
      "version": "1.2.0",
      "resolved": "https://registry.npm.taobao.org/type/download/type-1.2.0.tgz",
      "integrity": "sha1-hI3XaY2vo+VKbEeedZxLw/GIR6A="
    },
    "typedarray-to-buffer": {
      "version": "3.1.5",
      "resolved": "https://registry.nlark.com/typedarray-to-buffer/download/typedarray-to-buffer-3.1.5.tgz",
      "integrity": "sha1-qX7nqf9CaRufeD/xvFES/j/KkIA=",
      "optional": true,
      "requires": {
        "is-typedarray": "^1.0.0"
      }
    },
    "url-parse": {
      "version": "1.5.3",
      "resolved": "https://registry.nlark.com/url-parse/download/url-parse-1.5.3.tgz?cache=0&sync_timestamp=1627251248997&other_urls=https%3A%2F%2Fregistry.nlark.com%2Furl-parse%2Fdownload%2Furl-parse-1.5.3.tgz",
      "integrity": "sha1-ccEwPTj7Zjmt4YPCmSyMwGht+GI=",
      "requires": {
        "querystringify": "^2.1.1",
        "requires-port": "^1.0.0"
      }
    },
    "utf-8-validate": {
      "version": "5.0.5",
      "resolved": "https://registry.nlark.com/utf-8-validate/download/utf-8-validate-5.0.5.tgz?cache=0&sync_timestamp=1620067981778&other_urls=https%3A%2F%2Fregistry.nlark.com%2Futf-8-validate%2Fdownload%2Futf-8-validate-5.0.5.tgz",
      "integrity": "sha1-3TLC6CxyAC3J8C62e6Z2H0NFbKE=",
      "optional": true,
      "requires": {
        "node-gyp-build": "^4.2.0"
      }
    },
    "websocket": {
      "version": "1.0.34",
      "resolved": "https://registry.npm.taobao.org/websocket/download/websocket-1.0.34.tgz",
      "integrity": "sha1-K9wmAsCL8sgiU7cwZVwO99yrMRE=",
      "optional": true,
      "requires": {
        "bufferutil": "^4.0.1",
        "debug": "^2.2.0",
        "es5-ext": "^0.10.50",
        "typedarray-to-buffer": "^3.1.5",
        "utf-8-validate": "^5.0.2",
        "yaeti": "^0.0.6"
      },
      "dependencies": {
        "debug": {
          "version": "2.6.9",
          "resolved": "https://registry.nlark.com/debug/download/debug-2.6.9.tgz?cache=0&sync_timestamp=1625374653719&other_urls=https%3A%2F%2Fregistry.nlark.com%2Fdebug%2Fdownload%2Fdebug-2.6.9.tgz",
          "integrity": "sha1-XRKFFd8TT/Mn6QpMk/Tgd6U2NB8=",
          "optional": true,
          "requires": {
            "ms": "2.0.0"
          }
        },
        "ms": {
          "version": "2.0.0",
          "resolved": "https://registry.npm.taobao.org/ms/download/ms-2.0.0.tgz?cache=0&sync_timestamp=1607433912031&other_urls=https%3A%2F%2Fregistry.npm.taobao.org%2Fms%2Fdownload%2Fms-2.0.0.tgz",
          "integrity": "sha1-VgiurfwAvmwpAd9fmGF4jeDVl8g=",
          "optional": true
        }
      }
    },
    "websocket-driver": {
      "version": "0.7.4",
      "resolved": "https://registry.npm.taobao.org/websocket-driver/download/websocket-driver-0.7.4.tgz",
      "integrity": "sha1-ia1Slbv2S0gKvLox5JU6ynBvV2A=",
      "requires": {
        "http-parser-js": ">=0.5.1",
        "safe-buffer": ">=5.1.0",
        "websocket-extensions": ">=0.1.1"
      }
    },
    "websocket-extensions": {
      "version": "0.1.4",
      "resolved": "https://registry.npm.taobao.org/websocket-extensions/download/websocket-extensions-0.1.4.tgz",
      "integrity": "sha1-f4RzvIOd/YdgituV1+sHUhFXikI="
    },
    "yaeti": {
      "version": "0.0.6",
      "resolved": "https://registry.npm.taobao.org/yaeti/download/yaeti-0.0.6.tgz",
      "integrity": "sha1-8m9ITXJoTPQr7ft2lwqhYI+/lXc=",
      "optional": true
    }
  }
}
